
Microsoft Visual Studio Solution File, Format Version 12.00
# Visual Studio Version 16
VisualStudioVersion = 16.0.29728.190
MinimumVisualStudioVersion = 10.0.40219.1
Project("{FAE04EC0-301F-11D3-BF4B-00C04F79EFBC}") = "Mayday.Game", "Mayday.Game\Mayday.Game.csproj", "{F7229255-F207-4491-9B88-8B5D8091CDBC}"
EndProject
Project("{FAE04EC0-301F-11D3-BF4B-00C04F79EFBC}") = "Yetiface.Engine.Tests", "Yetiface.Engine.Tests\Yetiface.Engine.Tests.csproj", "{35749C93-9F5B-4852-9457-23C9109E4A9D}"
EndProject
Project("{FAE04EC0-301F-11D3-BF4B-00C04F79EFBC}") = "Yetiface.Engine", "Yetiface.Engine\Yetiface.Engine.csproj", "{6B7D6EE3-17D6-4E6B-AC60-D3BD2027C1CC}"
EndProject
Project("{FAE04EC0-301F-11D3-BF4B-00C04F79EFBC}") = "GeonBit.UI", "GeonBit.UI\GeonBit.UI\GeonBit.UI.csproj", "{DD284F36-FCD5-4265-AE4C-28B9A38B9DEF}"
EndProject
Project("{FAE04EC0-301F-11D3-BF4B-00C04F79EFBC}") = "DataTypes", "GeonBit.UI\GeonBit.UI\Libs\DataTypes\DataTypes.csproj", "{2C87417A-07A7-440A-AFDA-D624CE4ACE05}"
EndProject
Project("{FAE04EC0-301F-11D3-BF4B-00C04F79EFBC}") = "Facepunch.Steamworks.Win64", "Facepunch.Steamworks\Facepunch.Steamworks\Facepunch.Steamworks.Win64.csproj", "{4EBC6789-9069-427C-94CB-EBAF1095AAAB}"
EndProject
Global
	GlobalSection(SolutionConfigurationPlatforms) = preSolution
		Debug|Any CPU = Debug|Any CPU
		Release|Any CPU = Release|Any CPU
	EndGlobalSection
	GlobalSection(ProjectConfigurationPlatforms) = postSolution
		{F7229255-F207-4491-9B88-8B5D8091CDBC}.Debug|Any CPU.ActiveCfg = Debug|Any CPU
		{F7229255-F207-4491-9B88-8B5D8091CDBC}.Debug|Any CPU.Build.0 = Debug|Any CPU
		{F7229255-F207-4491-9B88-8B5D8091CDBC}.Release|Any CPU.ActiveCfg = Release|Any CPU
		{F7229255-F207-4491-9B88-8B5D8091CDBC}.Release|Any CPU.Build.0 = Release|Any CPU
		{35749C93-9F5B-4852-9457-23C9109E4A9D}.Debug|Any CPU.ActiveCfg = Debug|Any CPU
		{35749C93-9F5B-4852-9457-23C9109E4A9D}.Debug|Any CPU.Build.0 = Debug|Any CPU
		{35749C93-9F5B-4852-9457-23C9109E4A9D}.Release|Any CPU.ActiveCfg = Release|Any CPU
		{35749C93-9F5B-4852-9457-23C9109E4A9D}.Release|Any CPU.Build.0 = Release|Any CPU
		{6B7D6EE3-17D6-4E6B-AC60-D3BD2027C1CC}.Debug|Any CPU.ActiveCfg = Debug|Any CPU
		{6B7D6EE3-17D6-4E6B-AC60-D3BD2027C1CC}.Debug|Any CPU.Build.0 = Debug|Any CPU
		{6B7D6EE3-17D6-4E6B-AC60-D3BD2027C1CC}.Release|Any CPU.ActiveCfg = Release|Any CPU
		{6B7D6EE3-17D6-4E6B-AC60-D3BD2027C1CC}.Release|Any CPU.Build.0 = Release|Any CPU
		{DD284F36-FCD5-4265-AE4C-28B9A38B9DEF}.Debug|Any CPU.ActiveCfg = Debug|Any CPU
		{DD284F36-FCD5-4265-AE4C-28B9A38B9DEF}.Debug|Any CPU.Build.0 = Debug|Any CPU
		{DD284F36-FCD5-4265-AE4C-28B9A38B9DEF}.Release|Any CPU.ActiveCfg = Release|Any CPU
		{DD284F36-FCD5-4265-AE4C-28B9A38B9DEF}.Release|Any CPU.Build.0 = Release|Any CPU
		{2C87417A-07A7-440A-AFDA-D624CE4ACE05}.Debug|Any CPU.ActiveCfg = Debug|Any CPU
		{2C87417A-07A7-440A-AFDA-D624CE4ACE05}.Debug|Any CPU.Build.0 = Debug|Any CPU
		{2C87417A-07A7-440A-AFDA-D624CE4ACE05}.Release|Any CPU.ActiveCfg = Release|Any CPU
		{2C87417A-07A7-440A-AFDA-D624CE4ACE05}.Release|Any CPU.Build.0 = Release|Any CPU
		{4EBC6789-9069-427C-94CB-EBAF1095AAAB}.Debug|Any CPU.ActiveCfg = Debug|Any CPU
		{4EBC6789-9069-427C-94CB-EBAF1095AAAB}.Debug|Any CPU.Build.0 = Debug|Any CPU
		{4EBC6789-9069-427C-94CB-EBAF1095AAAB}.Release|Any CPU.ActiveCfg = Release|Any CPU
		{4EBC6789-9069-427C-94CB-EBAF1095AAAB}.Release|Any CPU.Build.0 = Release|Any CPU
	EndGlobalSection
	GlobalSection(SolutionProperties) = preSolution
		HideSolutionNode = FALSE
	EndGlobalSection
	GlobalSection(ExtensibilityGlobals) = postSolution
		SolutionGuid = {AA5E385C-7A29-4F67-9AB8-4D217A047D23}
	EndGlobalSection
EndGlobal
